// !$*UTF8*$!
{
	archiveVersion = 1;
	classes = {
	};
	objectVersion = 56;
	objects = {

/* Begin PBXBuildFile section */
		023AAEB2293B861A00C04F97 /* WebService.swift in Sources */ = {isa = PBXBuildFile; fileRef = 023AAEB1293B861A00C04F97 /* WebService.swift */; };
		023AAEB5293B865A00C04F97 /* Country.swift in Sources */ = {isa = PBXBuildFile; fileRef = 023AAEB4293B865A00C04F97 /* Country.swift */; };
		023AAEBA293B88A800C04F97 /* CountryViewModel.swift in Sources */ = {isa = PBXBuildFile; fileRef = 023AAEB9293B88A800C04F97 /* CountryViewModel.swift */; };
		023AAEBC293E895B00C04F97 /* ViewRouter.swift in Sources */ = {isa = PBXBuildFile; fileRef = 023AAEBB293E895B00C04F97 /* ViewRouter.swift */; };
		023AAEBE293E89FA00C04F97 /* VaccinationsView.swift in Sources */ = {isa = PBXBuildFile; fileRef = 023AAEBD293E89FA00C04F97 /* VaccinationsView.swift */; };
		023AAEC2293F1D7300C04F97 /* TravelView.swift in Sources */ = {isa = PBXBuildFile; fileRef = 023AAEC1293F1D7300C04F97 /* TravelView.swift */; };
		023AAEC8293F1FBC00C04F97 /* VaccinationsViewModel.swift in Sources */ = {isa = PBXBuildFile; fileRef = 023AAEC7293F1FBC00C04F97 /* VaccinationsViewModel.swift */; };
		023AAECA293F21B000C04F97 /* EmptyView.swift in Sources */ = {isa = PBXBuildFile; fileRef = 023AAEC9293F21B000C04F97 /* EmptyView.swift */; };
		023AAECE293F224B00C04F97 /* AddButtonView.swift in Sources */ = {isa = PBXBuildFile; fileRef = 023AAECD293F224B00C04F97 /* AddButtonView.swift */; };
		023AAED0293F23A800C04F97 /* TravelsView.swift in Sources */ = {isa = PBXBuildFile; fileRef = 023AAECF293F23A800C04F97 /* TravelsView.swift */; };
		023AAED2293F243B00C04F97 /* TravelsViewModel.swift in Sources */ = {isa = PBXBuildFile; fileRef = 023AAED1293F243B00C04F97 /* TravelsViewModel.swift */; };
		023AAED4293F25F300C04F97 /* AddTravelFormView.swift in Sources */ = {isa = PBXBuildFile; fileRef = 023AAED3293F25F300C04F97 /* AddTravelFormView.swift */; };
		023AAED6293F27B500C04F97 /* AddTravelFormViewModel.swift in Sources */ = {isa = PBXBuildFile; fileRef = 023AAED5293F27B500C04F97 /* AddTravelFormViewModel.swift */; };
		027330FF295C5559004F4F24 /* TravelViewModel.swift in Sources */ = {isa = PBXBuildFile; fileRef = 027330FE295C5559004F4F24 /* TravelViewModel.swift */; };
		02733101295C6822004F4F24 /* BreakdownView.swift in Sources */ = {isa = PBXBuildFile; fileRef = 02733100295C6822004F4F24 /* BreakdownView.swift */; };
		02733103295C911F004F4F24 /* AddVaccinationFormViewModel.swift in Sources */ = {isa = PBXBuildFile; fileRef = 02733102295C911F004F4F24 /* AddVaccinationFormViewModel.swift */; };
		027331052964C2A5004F4F24 /* Destination.swift in Sources */ = {isa = PBXBuildFile; fileRef = 027331042964C2A5004F4F24 /* Destination.swift */; };
		027331072970B33B004F4F24 /* DestinationViewModel.swift in Sources */ = {isa = PBXBuildFile; fileRef = 027331062970B33B004F4F24 /* DestinationViewModel.swift */; };
		02820F4829185DEF00782B89 /* inocul8App.swift in Sources */ = {isa = PBXBuildFile; fileRef = 02820F4729185DEF00782B89 /* inocul8App.swift */; };
		02820F4A29185DEF00782B89 /* Persistence.swift in Sources */ = {isa = PBXBuildFile; fileRef = 02820F4929185DEF00782B89 /* Persistence.swift */; };
		02820F4D29185DEF00782B89 /* inocul8.xcdatamodeld in Sources */ = {isa = PBXBuildFile; fileRef = 02820F4B29185DEF00782B89 /* inocul8.xcdatamodeld */; };
		02820F4F29185DEF00782B89 /* ContentView.swift in Sources */ = {isa = PBXBuildFile; fileRef = 02820F4E29185DEF00782B89 /* ContentView.swift */; };
		02820F5129185DF000782B89 /* Assets.xcassets in Resources */ = {isa = PBXBuildFile; fileRef = 02820F5029185DF000782B89 /* Assets.xcassets */; };
		02820F5529185DF100782B89 /* Preview Assets.xcassets in Resources */ = {isa = PBXBuildFile; fileRef = 02820F5429185DF100782B89 /* Preview Assets.xcassets */; };
		02820F5E291E45FE00782B89 /* Extensions.swift in Sources */ = {isa = PBXBuildFile; fileRef = 02820F5D291E45FE00782B89 /* Extensions.swift */; };
		02820F60291E563900782B89 /* AddVaccinationFormView.swift in Sources */ = {isa = PBXBuildFile; fileRef = 02820F5F291E563900782B89 /* AddVaccinationFormView.swift */; };
		02820F62291E770300782B89 /* VaccinationView.swift in Sources */ = {isa = PBXBuildFile; fileRef = 02820F61291E770300782B89 /* VaccinationView.swift */; };
		02820F64291EABB900782B89 /* VaccinationDetailView.swift in Sources */ = {isa = PBXBuildFile; fileRef = 02820F63291EABB900782B89 /* VaccinationDetailView.swift */; };
/* End PBXBuildFile section */

/* Begin PBXFileReference section */
		023AAEB1293B861A00C04F97 /* WebService.swift */ = {isa = PBXFileReference; lastKnownFileType = sourcecode.swift; path = WebService.swift; sourceTree = "<group>"; };
		023AAEB4293B865A00C04F97 /* Country.swift */ = {isa = PBXFileReference; lastKnownFileType = sourcecode.swift; path = Country.swift; sourceTree = "<group>"; };
		023AAEB9293B88A800C04F97 /* CountryViewModel.swift */ = {isa = PBXFileReference; lastKnownFileType = sourcecode.swift; path = CountryViewModel.swift; sourceTree = "<group>"; };
		023AAEBB293E895B00C04F97 /* ViewRouter.swift */ = {isa = PBXFileReference; lastKnownFileType = sourcecode.swift; path = ViewRouter.swift; sourceTree = "<group>"; };
		023AAEBD293E89FA00C04F97 /* VaccinationsView.swift */ = {isa = PBXFileReference; lastKnownFileType = sourcecode.swift; path = VaccinationsView.swift; sourceTree = "<group>"; };
		023AAEC1293F1D7300C04F97 /* TravelView.swift */ = {isa = PBXFileReference; lastKnownFileType = sourcecode.swift; path = TravelView.swift; sourceTree = "<group>"; };
		023AAEC7293F1FBC00C04F97 /* VaccinationsViewModel.swift */ = {isa = PBXFileReference; lastKnownFileType = sourcecode.swift; path = VaccinationsViewModel.swift; sourceTree = "<group>"; };
		023AAEC9293F21B000C04F97 /* EmptyView.swift */ = {isa = PBXFileReference; lastKnownFileType = sourcecode.swift; path = EmptyView.swift; sourceTree = "<group>"; };
		023AAECD293F224B00C04F97 /* AddButtonView.swift */ = {isa = PBXFileReference; lastKnownFileType = sourcecode.swift; path = AddButtonView.swift; sourceTree = "<group>"; };
		023AAECF293F23A800C04F97 /* TravelsView.swift */ = {isa = PBXFileReference; lastKnownFileType = sourcecode.swift; path = TravelsView.swift; sourceTree = "<group>"; };
		023AAED1293F243B00C04F97 /* TravelsViewModel.swift */ = {isa = PBXFileReference; lastKnownFileType = sourcecode.swift; path = TravelsViewModel.swift; sourceTree = "<group>"; };
		023AAED3293F25F300C04F97 /* AddTravelFormView.swift */ = {isa = PBXFileReference; lastKnownFileType = sourcecode.swift; path = AddTravelFormView.swift; sourceTree = "<group>"; };
		023AAED5293F27B500C04F97 /* AddTravelFormViewModel.swift */ = {isa = PBXFileReference; lastKnownFileType = sourcecode.swift; path = AddTravelFormViewModel.swift; sourceTree = "<group>"; };
		027330FE295C5559004F4F24 /* TravelViewModel.swift */ = {isa = PBXFileReference; lastKnownFileType = sourcecode.swift; path = TravelViewModel.swift; sourceTree = "<group>"; };
		02733100295C6822004F4F24 /* BreakdownView.swift */ = {isa = PBXFileReference; lastKnownFileType = sourcecode.swift; path = BreakdownView.swift; sourceTree = "<group>"; };
		02733102295C911F004F4F24 /* AddVaccinationFormViewModel.swift */ = {isa = PBXFileReference; lastKnownFileType = sourcecode.swift; path = AddVaccinationFormViewModel.swift; sourceTree = "<group>"; };
		027331042964C2A5004F4F24 /* Destination.swift */ = {isa = PBXFileReference; lastKnownFileType = sourcecode.swift; path = Destination.swift; sourceTree = "<group>"; };
		027331062970B33B004F4F24 /* DestinationViewModel.swift */ = {isa = PBXFileReference; lastKnownFileType = sourcecode.swift; path = DestinationViewModel.swift; sourceTree = "<group>"; };
		02820F4429185DEF00782B89 /* inocul8.app */ = {isa = PBXFileReference; explicitFileType = wrapper.application; includeInIndex = 0; path = inocul8.app; sourceTree = BUILT_PRODUCTS_DIR; };
		02820F4729185DEF00782B89 /* inocul8App.swift */ = {isa = PBXFileReference; lastKnownFileType = sourcecode.swift; path = inocul8App.swift; sourceTree = "<group>"; };
		02820F4929185DEF00782B89 /* Persistence.swift */ = {isa = PBXFileReference; lastKnownFileType = sourcecode.swift; path = Persistence.swift; sourceTree = "<group>"; };
		02820F4C29185DEF00782B89 /* inocul8.xcdatamodel */ = {isa = PBXFileReference; lastKnownFileType = wrapper.xcdatamodel; path = inocul8.xcdatamodel; sourceTree = "<group>"; };
		02820F4E29185DEF00782B89 /* ContentView.swift */ = {isa = PBXFileReference; lastKnownFileType = sourcecode.swift; path = ContentView.swift; sourceTree = "<group>"; };
		02820F5029185DF000782B89 /* Assets.xcassets */ = {isa = PBXFileReference; lastKnownFileType = folder.assetcatalog; path = Assets.xcassets; sourceTree = "<group>"; };
		02820F5229185DF100782B89 /* inocul8.entitlements */ = {isa = PBXFileReference; lastKnownFileType = text.plist.entitlements; path = inocul8.entitlements; sourceTree = "<group>"; };
		02820F5429185DF100782B89 /* Preview Assets.xcassets */ = {isa = PBXFileReference; lastKnownFileType = folder.assetcatalog; path = "Preview Assets.xcassets"; sourceTree = "<group>"; };
		02820F5D291E45FE00782B89 /* Extensions.swift */ = {isa = PBXFileReference; lastKnownFileType = sourcecode.swift; path = Extensions.swift; sourceTree = "<group>"; };
		02820F5F291E563900782B89 /* AddVaccinationFormView.swift */ = {isa = PBXFileReference; lastKnownFileType = sourcecode.swift; path = AddVaccinationFormView.swift; sourceTree = "<group>"; };
		02820F61291E770300782B89 /* VaccinationView.swift */ = {isa = PBXFileReference; lastKnownFileType = sourcecode.swift; path = VaccinationView.swift; sourceTree = "<group>"; };
		02820F63291EABB900782B89 /* VaccinationDetailView.swift */ = {isa = PBXFileReference; lastKnownFileType = sourcecode.swift; path = VaccinationDetailView.swift; sourceTree = "<group>"; };
/* End PBXFileReference section */

/* Begin PBXFrameworksBuildPhase section */
		02820F4129185DEF00782B89 /* Frameworks */ = {
			isa = PBXFrameworksBuildPhase;
			buildActionMask = 2147483647;
			files = (
			);
			runOnlyForDeploymentPostprocessing = 0;
		};
/* End PBXFrameworksBuildPhase section */

/* Begin PBXGroup section */
		023AAEB0293B860600C04F97 /* Services */ = {
			isa = PBXGroup;
			children = (
				023AAEB1293B861A00C04F97 /* WebService.swift */,
			);
			path = Services;
			sourceTree = "<group>";
		};
		023AAEB3293B864B00C04F97 /* Models */ = {
			isa = PBXGroup;
			children = (
				023AAEB4293B865A00C04F97 /* Country.swift */,
				027331042964C2A5004F4F24 /* Destination.swift */,
			);
			path = Models;
			sourceTree = "<group>";
		};
		023AAEB6293B87BB00C04F97 /* ViewModels */ = {
			isa = PBXGroup;
			children = (
				023AAEC5293F1F6300C04F97 /* Vaccinations */,
				023AAEC6293F1F6D00C04F97 /* Travel */,
			);
			path = ViewModels;
			sourceTree = "<group>";
		};
		023AAEBF293F1D3800C04F97 /* Vaccinations */ = {
			isa = PBXGroup;
			children = (
				023AAEBD293E89FA00C04F97 /* VaccinationsView.swift */,
				02820F61291E770300782B89 /* VaccinationView.swift */,
				02820F5F291E563900782B89 /* AddVaccinationFormView.swift */,
				02820F63291EABB900782B89 /* VaccinationDetailView.swift */,
			);
			path = Vaccinations;
			sourceTree = "<group>";
		};
		023AAEC0293F1D5200C04F97 /* Travel */ = {
			isa = PBXGroup;
			children = (
				023AAECF293F23A800C04F97 /* TravelsView.swift */,
				023AAEC1293F1D7300C04F97 /* TravelView.swift */,
				02733100295C6822004F4F24 /* BreakdownView.swift */,
				023AAED3293F25F300C04F97 /* AddTravelFormView.swift */,
			);
			path = Travel;
			sourceTree = "<group>";
		};
		023AAEC5293F1F6300C04F97 /* Vaccinations */ = {
			isa = PBXGroup;
			children = (
				023AAEB9293B88A800C04F97 /* CountryViewModel.swift */,
				023AAEC7293F1FBC00C04F97 /* VaccinationsViewModel.swift */,
				02733102295C911F004F4F24 /* AddVaccinationFormViewModel.swift */,
			);
			path = Vaccinations;
			sourceTree = "<group>";
		};
		023AAEC6293F1F6D00C04F97 /* Travel */ = {
			isa = PBXGroup;
			children = (
				027331062970B33B004F4F24 /* DestinationViewModel.swift */,
				023AAED1293F243B00C04F97 /* TravelsViewModel.swift */,
				027330FE295C5559004F4F24 /* TravelViewModel.swift */,
				023AAED5293F27B500C04F97 /* AddTravelFormViewModel.swift */,
			);
			path = Travel;
			sourceTree = "<group>";
		};
		023AAED7293F9DA900C04F97 /* Shared */ = {
			isa = PBXGroup;
			children = (
				023AAECD293F224B00C04F97 /* AddButtonView.swift */,
				023AAEC9293F21B000C04F97 /* EmptyView.swift */,
			);
			path = Shared;
			sourceTree = "<group>";
		};
		02820F3B29185DEF00782B89 = {
			isa = PBXGroup;
			children = (
				02820F4629185DEF00782B89 /* inocul8 */,
				02820F4529185DEF00782B89 /* Products */,
			);
			sourceTree = "<group>";
		};
		02820F4529185DEF00782B89 /* Products */ = {
			isa = PBXGroup;
			children = (
				02820F4429185DEF00782B89 /* inocul8.app */,
			);
			name = Products;
			sourceTree = "<group>";
		};
		02820F4629185DEF00782B89 /* inocul8 */ = {
			isa = PBXGroup;
			children = (
				023AAEB6293B87BB00C04F97 /* ViewModels */,
				023AAEB3293B864B00C04F97 /* Models */,
				023AAEB0293B860600C04F97 /* Services */,
				02820F5C291E45DF00782B89 /* Utilities */,
				02820F5B291B0D8000782B89 /* Views */,
				02820F4729185DEF00782B89 /* inocul8App.swift */,
				02820F4929185DEF00782B89 /* Persistence.swift */,
				02820F5029185DF000782B89 /* Assets.xcassets */,
				02820F5229185DF100782B89 /* inocul8.entitlements */,
				02820F4B29185DEF00782B89 /* inocul8.xcdatamodeld */,
				02820F5329185DF100782B89 /* Preview Content */,
			);
			path = inocul8;
			sourceTree = "<group>";
		};
		02820F5329185DF100782B89 /* Preview Content */ = {
			isa = PBXGroup;
			children = (
				02820F5429185DF100782B89 /* Preview Assets.xcassets */,
			);
			path = "Preview Content";
			sourceTree = "<group>";
		};
		02820F5B291B0D8000782B89 /* Views */ = {
			isa = PBXGroup;
			children = (
				02820F4E29185DEF00782B89 /* ContentView.swift */,
				023AAEBF293F1D3800C04F97 /* Vaccinations */,
				023AAEC0293F1D5200C04F97 /* Travel */,
				023AAED7293F9DA900C04F97 /* Shared */,
			);
			path = Views;
			sourceTree = "<group>";
		};
		02820F5C291E45DF00782B89 /* Utilities */ = {
			isa = PBXGroup;
			children = (
				02820F5D291E45FE00782B89 /* Extensions.swift */,
				023AAEBB293E895B00C04F97 /* ViewRouter.swift */,
			);
			path = Utilities;
			sourceTree = "<group>";
		};
/* End PBXGroup section */

/* Begin PBXNativeTarget section */
		02820F4329185DEF00782B89 /* inocul8 */ = {
			isa = PBXNativeTarget;
			buildConfigurationList = 02820F5829185DF100782B89 /* Build configuration list for PBXNativeTarget "inocul8" */;
			buildPhases = (
				02820F4029185DEF00782B89 /* Sources */,
				02820F4129185DEF00782B89 /* Frameworks */,
				02820F4229185DEF00782B89 /* Resources */,
			);
			buildRules = (
			);
			dependencies = (
			);
			name = inocul8;
			productName = inocul8;
			productReference = 02820F4429185DEF00782B89 /* inocul8.app */;
			productType = "com.apple.product-type.application";
		};
/* End PBXNativeTarget section */

/* Begin PBXProject section */
		02820F3C29185DEF00782B89 /* Project object */ = {
			isa = PBXProject;
			attributes = {
				BuildIndependentTargetsInParallel = 1;
				LastSwiftUpdateCheck = 1410;
				LastUpgradeCheck = 1420;
				TargetAttributes = {
					02820F4329185DEF00782B89 = {
						CreatedOnToolsVersion = 14.1;
					};
				};
			};
			buildConfigurationList = 02820F3F29185DEF00782B89 /* Build configuration list for PBXProject "inocul8" */;
			compatibilityVersion = "Xcode 14.0";
			developmentRegion = en;
			hasScannedForEncodings = 0;
			knownRegions = (
				en,
				Base,
			);
			mainGroup = 02820F3B29185DEF00782B89;
			productRefGroup = 02820F4529185DEF00782B89 /* Products */;
			projectDirPath = "";
			projectRoot = "";
			targets = (
				02820F4329185DEF00782B89 /* inocul8 */,
			);
		};
/* End PBXProject section */

/* Begin PBXResourcesBuildPhase section */
		02820F4229185DEF00782B89 /* Resources */ = {
			isa = PBXResourcesBuildPhase;
			buildActionMask = 2147483647;
			files = (
				02820F5529185DF100782B89 /* Preview Assets.xcassets in Resources */,
				02820F5129185DF000782B89 /* Assets.xcassets in Resources */,
			);
			runOnlyForDeploymentPostprocessing = 0;
		};
/* End PBXResourcesBuildPhase section */

/* Begin PBXSourcesBuildPhase section */
		02820F4029185DEF00782B89 /* Sources */ = {
			isa = PBXSourcesBuildPhase;
			buildActionMask = 2147483647;
			files = (
				02733101295C6822004F4F24 /* BreakdownView.swift in Sources */,
				027330FF295C5559004F4F24 /* TravelViewModel.swift in Sources */,
				02820F60291E563900782B89 /* AddVaccinationFormView.swift in Sources */,
				023AAEBC293E895B00C04F97 /* ViewRouter.swift in Sources */,
				02733103295C911F004F4F24 /* AddVaccinationFormViewModel.swift in Sources */,
				023AAED4293F25F300C04F97 /* AddTravelFormView.swift in Sources */,
				027331052964C2A5004F4F24 /* Destination.swift in Sources */,
				02820F5E291E45FE00782B89 /* Extensions.swift in Sources */,
				02820F62291E770300782B89 /* VaccinationView.swift in Sources */,
				023AAEC8293F1FBC00C04F97 /* VaccinationsViewModel.swift in Sources */,
				02820F64291EABB900782B89 /* VaccinationDetailView.swift in Sources */,
				023AAED2293F243B00C04F97 /* TravelsViewModel.swift in Sources */,
				023AAEBA293B88A800C04F97 /* CountryViewModel.swift in Sources */,
				027331072970B33B004F4F24 /* DestinationViewModel.swift in Sources */,
				02820F4D29185DEF00782B89 /* inocul8.xcdatamodeld in Sources */,
				02820F4829185DEF00782B89 /* inocul8App.swift in Sources */,
				023AAEB5293B865A00C04F97 /* Country.swift in Sources */,
				023AAEBE293E89FA00C04F97 /* VaccinationsView.swift in Sources */,
				02820F4F29185DEF00782B89 /* ContentView.swift in Sources */,
				023AAEC2293F1D7300C04F97 /* TravelView.swift in Sources */,
				023AAED6293F27B500C04F97 /* AddTravelFormViewModel.swift in Sources */,
				023AAECA293F21B000C04F97 /* EmptyView.swift in Sources */,
				023AAEB2293B861A00C04F97 /* WebService.swift in Sources */,
				023AAECE293F224B00C04F97 /* AddButtonView.swift in Sources */,
				02820F4A29185DEF00782B89 /* Persistence.swift in Sources */,
				023AAED0293F23A800C04F97 /* TravelsView.swift in Sources */,
			);
			runOnlyForDeploymentPostprocessing = 0;
		};
/* End PBXSourcesBuildPhase section */

/* Begin XCBuildConfiguration section */
		02820F5629185DF100782B89 /* Debug */ = {
			isa = XCBuildConfiguration;
			buildSettings = {
				ALWAYS_SEARCH_USER_PATHS = NO;
				CLANG_ANALYZER_NONNULL = YES;
				CLANG_ANALYZER_NUMBER_OBJECT_CONVERSION = YES_AGGRESSIVE;
				CLANG_CXX_LANGUAGE_STANDARD = "gnu++20";
				CLANG_ENABLE_MODULES = YES;
				CLANG_ENABLE_OBJC_ARC = YES;
				CLANG_ENABLE_OBJC_WEAK = YES;
				CLANG_WARN_BLOCK_CAPTURE_AUTORELEASING = YES;
				CLANG_WARN_BOOL_CONVERSION = YES;
				CLANG_WARN_COMMA = YES;
				CLANG_WARN_CONSTANT_CONVERSION = YES;
				CLANG_WARN_DEPRECATED_OBJC_IMPLEMENTATIONS = YES;
				CLANG_WARN_DIRECT_OBJC_ISA_USAGE = YES_ERROR;
				CLANG_WARN_DOCUMENTATION_COMMENTS = YES;
				CLANG_WARN_EMPTY_BODY = YES;
				CLANG_WARN_ENUM_CONVERSION = YES;
				CLANG_WARN_INFINITE_RECURSION = YES;
				CLANG_WARN_INT_CONVERSION = YES;
				CLANG_WARN_NON_LITERAL_NULL_CONVERSION = YES;
				CLANG_WARN_OBJC_IMPLICIT_RETAIN_SELF = YES;
				CLANG_WARN_OBJC_LITERAL_CONVERSION = YES;
				CLANG_WARN_OBJC_ROOT_CLASS = YES_ERROR;
				CLANG_WARN_QUOTED_INCLUDE_IN_FRAMEWORK_HEADER = YES;
				CLANG_WARN_RANGE_LOOP_ANALYSIS = YES;
				CLANG_WARN_STRICT_PROTOTYPES = YES;
				CLANG_WARN_SUSPICIOUS_MOVE = YES;
				CLANG_WARN_UNGUARDED_AVAILABILITY = YES_AGGRESSIVE;
				CLANG_WARN_UNREACHABLE_CODE = YES;
				CLANG_WARN__DUPLICATE_METHOD_MATCH = YES;
				COPY_PHASE_STRIP = NO;
				DEAD_CODE_STRIPPING = YES;
				DEBUG_INFORMATION_FORMAT = dwarf;
				ENABLE_STRICT_OBJC_MSGSEND = YES;
				ENABLE_TESTABILITY = YES;
				GCC_C_LANGUAGE_STANDARD = gnu11;
				GCC_DYNAMIC_NO_PIC = NO;
				GCC_NO_COMMON_BLOCKS = YES;
				GCC_OPTIMIZATION_LEVEL = 0;
				GCC_PREPROCESSOR_DEFINITIONS = (
					"DEBUG=1",
					"$(inherited)",
				);
				GCC_WARN_64_TO_32_BIT_CONVERSION = YES;
				GCC_WARN_ABOUT_RETURN_TYPE = YES_ERROR;
				GCC_WARN_UNDECLARED_SELECTOR = YES;
				GCC_WARN_UNINITIALIZED_AUTOS = YES_AGGRESSIVE;
				GCC_WARN_UNUSED_FUNCTION = YES;
				GCC_WARN_UNUSED_VARIABLE = YES;
				INFOPLIST_FILE = "";
				MTL_ENABLE_DEBUG_INFO = INCLUDE_SOURCE;
				MTL_FAST_MATH = YES;
				ONLY_ACTIVE_ARCH = YES;
				SWIFT_ACTIVE_COMPILATION_CONDITIONS = DEBUG;
				SWIFT_OPTIMIZATION_LEVEL = "-Onone";
			};
			name = Debug;
		};
		02820F5729185DF100782B89 /* Release */ = {
			isa = XCBuildConfiguration;
			buildSettings = {
				ALWAYS_SEARCH_USER_PATHS = NO;
				CLANG_ANALYZER_NONNULL = YES;
				CLANG_ANALYZER_NUMBER_OBJECT_CONVERSION = YES_AGGRESSIVE;
				CLANG_CXX_LANGUAGE_STANDARD = "gnu++20";
				CLANG_ENABLE_MODULES = YES;
				CLANG_ENABLE_OBJC_ARC = YES;
				CLANG_ENABLE_OBJC_WEAK = YES;
				CLANG_WARN_BLOCK_CAPTURE_AUTORELEASING = YES;
				CLANG_WARN_BOOL_CONVERSION = YES;
				CLANG_WARN_COMMA = YES;
				CLANG_WARN_CONSTANT_CONVERSION = YES;
				CLANG_WARN_DEPRECATED_OBJC_IMPLEMENTATIONS = YES;
				CLANG_WARN_DIRECT_OBJC_ISA_USAGE = YES_ERROR;
				CLANG_WARN_DOCUMENTATION_COMMENTS = YES;
				CLANG_WARN_EMPTY_BODY = YES;
				CLANG_WARN_ENUM_CONVERSION = YES;
				CLANG_WARN_INFINITE_RECURSION = YES;
				CLANG_WARN_INT_CONVERSION = YES;
				CLANG_WARN_NON_LITERAL_NULL_CONVERSION = YES;
				CLANG_WARN_OBJC_IMPLICIT_RETAIN_SELF = YES;
				CLANG_WARN_OBJC_LITERAL_CONVERSION = YES;
				CLANG_WARN_OBJC_ROOT_CLASS = YES_ERROR;
				CLANG_WARN_QUOTED_INCLUDE_IN_FRAMEWORK_HEADER = YES;
				CLANG_WARN_RANGE_LOOP_ANALYSIS = YES;
				CLANG_WARN_STRICT_PROTOTYPES = YES;
				CLANG_WARN_SUSPICIOUS_MOVE = YES;
				CLANG_WARN_UNGUARDED_AVAILABILITY = YES_AGGRESSIVE;
				CLANG_WARN_UNREACHABLE_CODE = YES;
				CLANG_WARN__DUPLICATE_METHOD_MATCH = YES;
				COPY_PHASE_STRIP = NO;
				DEAD_CODE_STRIPPING = YES;
				DEBUG_INFORMATION_FORMAT = "dwarf-with-dsym";
				ENABLE_NS_ASSERTIONS = NO;
				ENABLE_STRICT_OBJC_MSGSEND = YES;
				GCC_C_LANGUAGE_STANDARD = gnu11;
				GCC_NO_COMMON_BLOCKS = YES;
				GCC_WARN_64_TO_32_BIT_CONVERSION = YES;
				GCC_WARN_ABOUT_RETURN_TYPE = YES_ERROR;
				GCC_WARN_UNDECLARED_SELECTOR = YES;
				GCC_WARN_UNINITIALIZED_AUTOS = YES_AGGRESSIVE;
				GCC_WARN_UNUSED_FUNCTION = YES;
				GCC_WARN_UNUSED_VARIABLE = YES;
				INFOPLIST_FILE = "";
				MTL_ENABLE_DEBUG_INFO = NO;
				MTL_FAST_MATH = YES;
				SWIFT_COMPILATION_MODE = wholemodule;
				SWIFT_OPTIMIZATION_LEVEL = "-O";
			};
			name = Release;
		};
		02820F5929185DF100782B89 /* Debug */ = {
			isa = XCBuildConfiguration;
			buildSettings = {
				ASSETCATALOG_COMPILER_APPICON_NAME = AppIcon;
				ASSETCATALOG_COMPILER_GLOBAL_ACCENT_COLOR_NAME = AccentColor;
				CODE_SIGN_ENTITLEMENTS = inocul8/inocul8.entitlements;
				CODE_SIGN_IDENTITY = "-";
				CODE_SIGN_STYLE = Automatic;
				CURRENT_PROJECT_VERSION = 1;
				DEAD_CODE_STRIPPING = YES;
				DEVELOPMENT_ASSET_PATHS = "\"inocul8/Preview Content\"";
				DEVELOPMENT_TEAM = S9H4B38ZQN;
				ENABLE_HARDENED_RUNTIME = YES;
				ENABLE_PREVIEWS = YES;
				GENERATE_INFOPLIST_FILE = YES;
				INFOPLIST_FILE = "";
				INFOPLIST_KEY_CFBundleDisplayName = inocul8;
				INFOPLIST_KEY_LSApplicationCategoryType = "public.app-category.medical";
				"INFOPLIST_KEY_UIApplicationSceneManifest_Generation[sdk=iphoneos*]" = YES;
				"INFOPLIST_KEY_UIApplicationSceneManifest_Generation[sdk=iphonesimulator*]" = YES;
				"INFOPLIST_KEY_UIApplicationSupportsIndirectInputEvents[sdk=iphoneos*]" = YES;
				"INFOPLIST_KEY_UIApplicationSupportsIndirectInputEvents[sdk=iphonesimulator*]" = YES;
				"INFOPLIST_KEY_UILaunchScreen_Generation[sdk=iphoneos*]" = YES;
				"INFOPLIST_KEY_UILaunchScreen_Generation[sdk=iphonesimulator*]" = YES;
				"INFOPLIST_KEY_UIStatusBarStyle[sdk=iphoneos*]" = UIStatusBarStyleDefault;
				"INFOPLIST_KEY_UIStatusBarStyle[sdk=iphonesimulator*]" = UIStatusBarStyleDefault;
				INFOPLIST_KEY_UISupportedInterfaceOrientations = UIInterfaceOrientationPortrait;
				INFOPLIST_KEY_UISupportedInterfaceOrientations_iPad = "UIInterfaceOrientationLandscapeLeft UIInterfaceOrientationLandscapeRight UIInterfaceOrientationPortrait UIInterfaceOrientationPortraitUpsideDown";
				IPHONEOS_DEPLOYMENT_TARGET = 16.1;
				LD_RUNPATH_SEARCH_PATHS = "@executable_path/Frameworks";
				"LD_RUNPATH_SEARCH_PATHS[sdk=macosx*]" = "@executable_path/../Frameworks";
				MACOSX_DEPLOYMENT_TARGET = 12.5;
				MARKETING_VERSION = 1.0;
				PRODUCT_BUNDLE_IDENTIFIER = uk.co.krisreid.inocul8;
				PRODUCT_NAME = "$(TARGET_NAME)";
				SDKROOT = auto;
				SUPPORTED_PLATFORMS = "iphoneos iphonesimulator";
				SUPPORTS_MACCATALYST = NO;
				SUPPORTS_MAC_DESIGNED_FOR_IPHONE_IPAD = NO;
				SWIFT_EMIT_LOC_STRINGS = YES;
				SWIFT_VERSION = 5.0;
				TARGETED_DEVICE_FAMILY = 1;
			};
			name = Debug;
		};
		02820F5A29185DF100782B89 /* Release */ = {
			isa = XCBuildConfiguration;
			buildSettings = {
				ASSETCATALOG_COMPILER_APPICON_NAME = AppIcon;
				ASSETCATALOG_COMPILER_GLOBAL_ACCENT_COLOR_NAME = AccentColor;
				CODE_SIGN_ENTITLEMENTS = inocul8/inocul8.entitlements;
				CODE_SIGN_IDENTITY = "-";
				CODE_SIGN_STYLE = Automatic;
				CURRENT_PROJECT_VERSION = 1;
				DEAD_CODE_STRIPPING = YES;
				DEVELOPMENT_ASSET_PATHS = "\"inocul8/Preview Content\"";
				DEVELOPMENT_TEAM = S9H4B38ZQN;
				ENABLE_HARDENED_RUNTIME = YES;
				ENABLE_PREVIEWS = YES;
				GENERATE_INFOPLIST_FILE = YES;
				INFOPLIST_FILE = "";
				INFOPLIST_KEY_CFBundleDisplayName = inocul8;
				INFOPLIST_KEY_LSApplicationCategoryType = "public.app-category.medical";
				"INFOPLIST_KEY_UIApplicationSceneManifest_Generation[sdk=iphoneos*]" = YES;
				"INFOPLIST_KEY_UIApplicationSceneManifest_Generation[sdk=iphonesimulator*]" = YES;
				"INFOPLIST_KEY_UIApplicationSupportsIndirectInputEvents[sdk=iphoneos*]" = YES;
				"INFOPLIST_KEY_UIApplicationSupportsIndirectInputEvents[sdk=iphonesimulator*]" = YES;
				"INFOPLIST_KEY_UILaunchScreen_Generation[sdk=iphoneos*]" = YES;
				"INFOPLIST_KEY_UILaunchScreen_Generation[sdk=iphonesimulator*]" = YES;
				"INFOPLIST_KEY_UIStatusBarStyle[sdk=iphoneos*]" = UIStatusBarStyleDefault;
				"INFOPLIST_KEY_UIStatusBarStyle[sdk=iphonesimulator*]" = UIStatusBarStyleDefault;
				INFOPLIST_KEY_UISupportedInterfaceOrientations = UIInterfaceOrientationPortrait;
				INFOPLIST_KEY_UISupportedInterfaceOrientations_iPad = "UIInterfaceOrientationLandscapeLeft UIInterfaceOrientationLandscapeRight UIInterfaceOrientationPortrait UIInterfaceOrientationPortraitUpsideDown";
				IPHONEOS_DEPLOYMENT_TARGET = 16.1;
				LD_RUNPATH_SEARCH_PATHS = "@executable_path/Frameworks";
				"LD_RUNPATH_SEARCH_PATHS[sdk=macosx*]" = "@executable_path/../Frameworks";
				MACOSX_DEPLOYMENT_TARGET = 12.5;
				MARKETING_VERSION = 1.0;
				PRODUCT_BUNDLE_IDENTIFIER = uk.co.krisreid.inocul8;
				PRODUCT_NAME = "$(TARGET_NAME)";
				SDKROOT = auto;
				SUPPORTED_PLATFORMS = "iphoneos iphonesimulator";
				SUPPORTS_MACCATALYST = NO;
				SUPPORTS_MAC_DESIGNED_FOR_IPHONE_IPAD = NO;
				SWIFT_EMIT_LOC_STRINGS = YES;
				SWIFT_VERSION = 5.0;
				TARGETED_DEVICE_FAMILY = 1;
			};
			name = Release;
		};
/* End XCBuildConfiguration section */

/* Begin XCConfigurationList section */
		02820F3F29185DEF00782B89 /* Build configuration list for PBXProject "inocul8" */ = {
			isa = XCConfigurationList;
			buildConfigurations = (
				02820F5629185DF100782B89 /* Debug */,
				02820F5729185DF100782B89 /* Release */,
			);
			defaultConfigurationIsVisible = 0;
			defaultConfigurationName = Release;
		};
		02820F5829185DF100782B89 /* Build configuration list for PBXNativeTarget "inocul8" */ = {
			isa = XCConfigurationList;
			buildConfigurations = (
				02820F5929185DF100782B89 /* Debug */,
				02820F5A29185DF100782B89 /* Release */,
			);
			defaultConfigurationIsVisible = 0;
			defaultConfigurationName = Release;
		};
/* End XCConfigurationList section */

/* Begin XCVersionGroup section */
		02820F4B29185DEF00782B89 /* inocul8.xcdatamodeld */ = {
			isa = XCVersionGroup;
			children = (
				02820F4C29185DEF00782B89 /* inocul8.xcdatamodel */,
			);
			currentVersion = 02820F4C29185DEF00782B89 /* inocul8.xcdatamodel */;
			path = inocul8.xcdatamodeld;
			sourceTree = "<group>";
			versionGroupType = wrapper.xcdatamodel;
		};
/* End XCVersionGroup section */
	};
	rootObject = 02820F3C29185DEF00782B89 /* Project object */;
}
